// !$*UTF8*$!
{
	archiveVersion = 1;
	classes = {
	};
	objectVersion = 50;
	objects = {

/* Begin PBXBuildFile section */
		6491ED6524D3518300E6709A /* AppDelegate.swift in Sources */ = {isa = PBXBuildFile; fileRef = 6491ED6424D3518300E6709A /* AppDelegate.swift */; };
		6491ED6724D3518300E6709A /* SceneDelegate.swift in Sources */ = {isa = PBXBuildFile; fileRef = 6491ED6624D3518300E6709A /* SceneDelegate.swift */; };
		6491ED6924D3518300E6709A /* ContentView.swift in Sources */ = {isa = PBXBuildFile; fileRef = 6491ED6824D3518300E6709A /* ContentView.swift */; };
		6491ED6B24D3518400E6709A /* Assets.xcassets in Resources */ = {isa = PBXBuildFile; fileRef = 6491ED6A24D3518400E6709A /* Assets.xcassets */; };
		6491ED6E24D3518400E6709A /* Preview Assets.xcassets in Resources */ = {isa = PBXBuildFile; fileRef = 6491ED6D24D3518400E6709A /* Preview Assets.xcassets */; };
		6491ED7124D3518400E6709A /* LaunchScreen.storyboard in Resources */ = {isa = PBXBuildFile; fileRef = 6491ED6F24D3518400E6709A /* LaunchScreen.storyboard */; };
		6491ED7F24D351BA00E6709A /* CardsView.swift in Sources */ = {isa = PBXBuildFile; fileRef = 6491ED7A24D351B900E6709A /* CardsView.swift */; };
		6491ED8024D351BA00E6709A /* HeaderView.swift in Sources */ = {isa = PBXBuildFile; fileRef = 6491ED7B24D351B900E6709A /* HeaderView.swift */; };
		6491ED8124D351BA00E6709A /* SearchView.swift in Sources */ = {isa = PBXBuildFile; fileRef = 6491ED7C24D351BA00E6709A /* SearchView.swift */; };
		6491ED8224D351BA00E6709A /* ButtonBarView.swift in Sources */ = {isa = PBXBuildFile; fileRef = 6491ED7D24D351BA00E6709A /* ButtonBarView.swift */; };
		6491ED8324D351BA00E6709A /* NavBarView.swift in Sources */ = {isa = PBXBuildFile; fileRef = 6491ED7E24D351BA00E6709A /* NavBarView.swift */; };
		6491ED8724D351E500E6709A /* OnboardingView.swift in Sources */ = {isa = PBXBuildFile; fileRef = 6491ED8424D351E400E6709A /* OnboardingView.swift */; };
		6491ED8824D351E500E6709A /* PageViewController.swift in Sources */ = {isa = PBXBuildFile; fileRef = 6491ED8524D351E500E6709A /* PageViewController.swift */; };
		6491ED8924D351E500E6709A /* PageControl.swift in Sources */ = {isa = PBXBuildFile; fileRef = 6491ED8624D351E500E6709A /* PageControl.swift */; };
		6491ED8B24D3532900E6709A /* Colors.xcassets in Resources */ = {isa = PBXBuildFile; fileRef = 6491ED8A24D3532900E6709A /* Colors.xcassets */; };
		6491ED8D24D35EF500E6709A /* README.md in Resources */ = {isa = PBXBuildFile; fileRef = 6491ED8C24D35EF500E6709A /* README.md */; };
/* End PBXBuildFile section */

/* Begin PBXFileReference section */
		6491ED6124D3518300E6709A /* MobileAppUIExploration.app */ = {isa = PBXFileReference; explicitFileType = wrapper.application; includeInIndex = 0; path = MobileAppUIExploration.app; sourceTree = BUILT_PRODUCTS_DIR; };
		6491ED6424D3518300E6709A /* AppDelegate.swift */ = {isa = PBXFileReference; lastKnownFileType = sourcecode.swift; path = AppDelegate.swift; sourceTree = "<group>"; };
		6491ED6624D3518300E6709A /* SceneDelegate.swift */ = {isa = PBXFileReference; lastKnownFileType = sourcecode.swift; path = SceneDelegate.swift; sourceTree = "<group>"; };
		6491ED6824D3518300E6709A /* ContentView.swift */ = {isa = PBXFileReference; lastKnownFileType = sourcecode.swift; path = ContentView.swift; sourceTree = "<group>"; };
		6491ED6A24D3518400E6709A /* Assets.xcassets */ = {isa = PBXFileReference; lastKnownFileType = folder.assetcatalog; path = Assets.xcassets; sourceTree = "<group>"; };
		6491ED6D24D3518400E6709A /* Preview Assets.xcassets */ = {isa = PBXFileReference; lastKnownFileType = folder.assetcatalog; path = "Preview Assets.xcassets"; sourceTree = "<group>"; };
		6491ED7024D3518400E6709A /* Base */ = {isa = PBXFileReference; lastKnownFileType = file.storyboard; name = Base; path = Base.lproj/LaunchScreen.storyboard; sourceTree = "<group>"; };
		6491ED7224D3518400E6709A /* Info.plist */ = {isa = PBXFileReference; lastKnownFileType = text.plist.xml; path = Info.plist; sourceTree = "<group>"; };
		6491ED7A24D351B900E6709A /* CardsView.swift */ = {isa = PBXFileReference; fileEncoding = 4; lastKnownFileType = sourcecode.swift; path = CardsView.swift; sourceTree = "<group>"; };
		6491ED7B24D351B900E6709A /* HeaderView.swift */ = {isa = PBXFileReference; fileEncoding = 4; lastKnownFileType = sourcecode.swift; path = HeaderView.swift; sourceTree = "<group>"; };
		6491ED7C24D351BA00E6709A /* SearchView.swift */ = {isa = PBXFileReference; fileEncoding = 4; lastKnownFileType = sourcecode.swift; path = SearchView.swift; sourceTree = "<group>"; };
		6491ED7D24D351BA00E6709A /* ButtonBarView.swift */ = {isa = PBXFileReference; fileEncoding = 4; lastKnownFileType = sourcecode.swift; path = ButtonBarView.swift; sourceTree = "<group>"; };
		6491ED7E24D351BA00E6709A /* NavBarView.swift */ = {isa = PBXFileReference; fileEncoding = 4; lastKnownFileType = sourcecode.swift; path = NavBarView.swift; sourceTree = "<group>"; };
		6491ED8424D351E400E6709A /* OnboardingView.swift */ = {isa = PBXFileReference; fileEncoding = 4; lastKnownFileType = sourcecode.swift; path = OnboardingView.swift; sourceTree = "<group>"; };
		6491ED8524D351E500E6709A /* PageViewController.swift */ = {isa = PBXFileReference; fileEncoding = 4; lastKnownFileType = sourcecode.swift; path = PageViewController.swift; sourceTree = "<group>"; };
		6491ED8624D351E500E6709A /* PageControl.swift */ = {isa = PBXFileReference; fileEncoding = 4; lastKnownFileType = sourcecode.swift; path = PageControl.swift; sourceTree = "<group>"; };
		6491ED8A24D3532900E6709A /* Colors.xcassets */ = {isa = PBXFileReference; lastKnownFileType = folder.assetcatalog; path = Colors.xcassets; sourceTree = "<group>"; };
		6491ED8C24D35EF500E6709A /* README.md */ = {isa = PBXFileReference; lastKnownFileType = net.daringfireball.markdown; path = README.md; sourceTree = "<group>"; };
/* End PBXFileReference section */

/* Begin PBXFrameworksBuildPhase section */
		6491ED5E24D3518300E6709A /* Frameworks */ = {
			isa = PBXFrameworksBuildPhase;
			buildActionMask = 2147483647;
			files = (
			);
			runOnlyForDeploymentPostprocessing = 0;
		};
/* End PBXFrameworksBuildPhase section */

/* Begin PBXGroup section */
		6491ED5824D3518300E6709A = {
			isa = PBXGroup;
			children = (
				6491ED8C24D35EF500E6709A /* README.md */,
				6491ED6324D3518300E6709A /* MobileAppUIExploration */,
				6491ED6224D3518300E6709A /* Products */,
			);
			sourceTree = "<group>";
		};
		6491ED6224D3518300E6709A /* Products */ = {
			isa = PBXGroup;
			children = (
				6491ED6124D3518300E6709A /* MobileAppUIExploration.app */,
			);
			name = Products;
			sourceTree = "<group>";
		};
		6491ED6324D3518300E6709A /* MobileAppUIExploration */ = {
			isa = PBXGroup;
			children = (
				6491ED7824D3519800E6709A /* onboarding */,
				6491ED7924D351A000E6709A /* views */,
				6491ED6424D3518300E6709A /* AppDelegate.swift */,
				6491ED6624D3518300E6709A /* SceneDelegate.swift */,
				6491ED6824D3518300E6709A /* ContentView.swift */,
				6491ED6A24D3518400E6709A /* Assets.xcassets */,
				6491ED8A24D3532900E6709A /* Colors.xcassets */,
				6491ED6F24D3518400E6709A /* LaunchScreen.storyboard */,
				6491ED7224D3518400E6709A /* Info.plist */,
				6491ED6C24D3518400E6709A /* Preview Content */,
			);
			path = MobileAppUIExploration;
			sourceTree = "<group>";
		};
		6491ED6C24D3518400E6709A /* Preview Content */ = {
			isa = PBXGroup;
			children = (
				6491ED6D24D3518400E6709A /* Preview Assets.xcassets */,
			);
			path = "Preview Content";
			sourceTree = "<group>";
		};
		6491ED7824D3519800E6709A /* onboarding */ = {
			isa = PBXGroup;
			children = (
				6491ED8424D351E400E6709A /* OnboardingView.swift */,
				6491ED8624D351E500E6709A /* PageControl.swift */,
				6491ED8524D351E500E6709A /* PageViewController.swift */,
			);
			path = onboarding;
			sourceTree = "<group>";
		};
		6491ED7924D351A000E6709A /* views */ = {
			isa = PBXGroup;
			children = (
				6491ED7B24D351B900E6709A /* HeaderView.swift */,
				6491ED7C24D351BA00E6709A /* SearchView.swift */,
				6491ED7D24D351BA00E6709A /* ButtonBarView.swift */,
				6491ED7A24D351B900E6709A /* CardsView.swift */,
				6491ED7E24D351BA00E6709A /* NavBarView.swift */,
			);
			path = views;
			sourceTree = "<group>";
		};
/* End PBXGroup section */

/* Begin PBXNativeTarget section */
		6491ED6024D3518300E6709A /* MobileAppUIExploration */ = {
			isa = PBXNativeTarget;
			buildConfigurationList = 6491ED7524D3518400E6709A /* Build configuration list for PBXNativeTarget "MobileAppUIExploration" */;
			buildPhases = (
				6491ED5D24D3518300E6709A /* Sources */,
				6491ED5E24D3518300E6709A /* Frameworks */,
				6491ED5F24D3518300E6709A /* Resources */,
			);
			buildRules = (
			);
			dependencies = (
			);
			name = MobileAppUIExploration;
			productName = MobileAppUIExploration;
			productReference = 6491ED6124D3518300E6709A /* MobileAppUIExploration.app */;
			productType = "com.apple.product-type.application";
		};
/* End PBXNativeTarget section */

/* Begin PBXProject section */
		6491ED5924D3518300E6709A /* Project object */ = {
			isa = PBXProject;
			attributes = {
				LastSwiftUpdateCheck = 1140;
				LastUpgradeCheck = 1140;
				TargetAttributes = {
					6491ED6024D3518300E6709A = {
						CreatedOnToolsVersion = 11.4.1;
					};
				};
			};
			buildConfigurationList = 6491ED5C24D3518300E6709A /* Build configuration list for PBXProject "MobileAppUIExploration" */;
			compatibilityVersion = "Xcode 9.3";
			developmentRegion = en;
			hasScannedForEncodings = 0;
			knownRegions = (
				en,
				Base,
			);
			mainGroup = 6491ED5824D3518300E6709A;
			productRefGroup = 6491ED6224D3518300E6709A /* Products */;
			projectDirPath = "";
			projectRoot = "";
			targets = (
				6491ED6024D3518300E6709A /* MobileAppUIExploration */,
			);
		};
/* End PBXProject section */

/* Begin PBXResourcesBuildPhase section */
		6491ED5F24D3518300E6709A /* Resources */ = {
			isa = PBXResourcesBuildPhase;
			buildActionMask = 2147483647;
			files = (
				6491ED7124D3518400E6709A /* LaunchScreen.storyboard in Resources */,
				6491ED8B24D3532900E6709A /* Colors.xcassets in Resources */,
				6491ED8D24D35EF500E6709A /* README.md in Resources */,
				6491ED6E24D3518400E6709A /* Preview Assets.xcassets in Resources */,
				6491ED6B24D3518400E6709A /* Assets.xcassets in Resources */,
			);
			runOnlyForDeploymentPostprocessing = 0;
		};
/* End PBXResourcesBuildPhase section */

/* Begin PBXSourcesBuildPhase section */
		6491ED5D24D3518300E6709A /* Sources */ = {
			isa = PBXSourcesBuildPhase;
			buildActionMask = 2147483647;
			files = (
				6491ED8324D351BA00E6709A /* NavBarView.swift in Sources */,
				6491ED8824D351E500E6709A /* PageViewController.swift in Sources */,
				6491ED8024D351BA00E6709A /* HeaderView.swift in Sources */,
				6491ED8224D351BA00E6709A /* ButtonBarView.swift in Sources */,
				6491ED8724D351E500E6709A /* OnboardingView.swift in Sources */,
				6491ED6524D3518300E6709A /* AppDelegate.swift in Sources */,
				6491ED6724D3518300E6709A /* SceneDelegate.swift in Sources */,
				6491ED7F24D351BA00E6709A /* CardsView.swift in Sources */,
				6491ED8924D351E500E6709A /* PageControl.swift in Sources */,
				6491ED8124D351BA00E6709A /* SearchView.swift in Sources */,
				6491ED6924D3518300E6709A /* ContentView.swift in Sources */,
			);
			runOnlyForDeploymentPostprocessing = 0;
		};
/* End PBXSourcesBuildPhase section */

/* Begin PBXVariantGroup section */
		6491ED6F24D3518400E6709A /* LaunchScreen.storyboard */ = {
			isa = PBXVariantGroup;
			children = (
				6491ED7024D3518400E6709A /* Base */,
			);
			name = LaunchScreen.storyboard;
			sourceTree = "<group>";
		};
/* End PBXVariantGroup section */

/* Begin XCBuildConfiguration section */
		6491ED7324D3518400E6709A /* Debug */ = {
			isa = XCBuildConfiguration;
			buildSettings = {
				ALWAYS_SEARCH_USER_PATHS = NO;
				CLANG_ANALYZER_NONNULL = YES;
				CLANG_ANALYZER_NUMBER_OBJECT_CONVERSION = YES_AGGRESSIVE;
				CLANG_CXX_LANGUAGE_STANDARD = "gnu++14";
				CLANG_CXX_LIBRARY = "libc++";
				CLANG_ENABLE_MODULES = YES;
				CLANG_ENABLE_OBJC_ARC = YES;
				CLANG_ENABLE_OBJC_WEAK = YES;
				CLANG_WARN_BLOCK_CAPTURE_AUTORELEASING = YES;
				CLANG_WARN_BOOL_CONVERSION = YES;
				CLANG_WARN_COMMA = YES;
				CLANG_WARN_CONSTANT_CONVERSION = YES;
				CLANG_WARN_DEPRECATED_OBJC_IMPLEMENTATIONS = YES;
				CLANG_WARN_DIRECT_OBJC_ISA_USAGE = YES_ERROR;
				CLANG_WARN_DOCUMENTATION_COMMENTS = YES;
				CLANG_WARN_EMPTY_BODY = YES;
				CLANG_WARN_ENUM_CONVERSION = YES;
				CLANG_WARN_INFINITE_RECURSION = YES;
				CLANG_WARN_INT_CONVERSION = YES;
				CLANG_WARN_NON_LITERAL_NULL_CONVERSION = YES;
				CLANG_WARN_OBJC_IMPLICIT_RETAIN_SELF = YES;
				CLANG_WARN_OBJC_LITERAL_CONVERSION = YES;
				CLANG_WARN_OBJC_ROOT_CLASS = YES_ERROR;
				CLANG_WARN_RANGE_LOOP_ANALYSIS = YES;
				CLANG_WARN_STRICT_PROTOTYPES = YES;
				CLANG_WARN_SUSPICIOUS_MOVE = YES;
				CLANG_WARN_UNGUARDED_AVAILABILITY = YES_AGGRESSIVE;
				CLANG_WARN_UNREACHABLE_CODE = YES;
				CLANG_WARN__DUPLICATE_METHOD_MATCH = YES;
				COPY_PHASE_STRIP = NO;
				DEBUG_INFORMATION_FORMAT = dwarf;
				ENABLE_STRICT_OBJC_MSGSEND = YES;
				ENABLE_TESTABILITY = YES;
				GCC_C_LANGUAGE_STANDARD = gnu11;
				GCC_DYNAMIC_NO_PIC = NO;
				GCC_NO_COMMON_BLOCKS = YES;
				GCC_OPTIMIZATION_LEVEL = 0;
				GCC_PREPROCESSOR_DEFINITIONS = (
					"DEBUG=1",
					"$(inherited)",
				);
				GCC_WARN_64_TO_32_BIT_CONVERSION = YES;
				GCC_WARN_ABOUT_RETURN_TYPE = YES_ERROR;
				GCC_WARN_UNDECLARED_SELECTOR = YES;
				GCC_WARN_UNINITIALIZED_AUTOS = YES_AGGRESSIVE;
				GCC_WARN_UNUSED_FUNCTION = YES;
				GCC_WARN_UNUSED_VARIABLE = YES;
				IPHONEOS_DEPLOYMENT_TARGET = 13.4;
				MTL_ENABLE_DEBUG_INFO = INCLUDE_SOURCE;
				MTL_FAST_MATH = YES;
				ONLY_ACTIVE_ARCH = YES;
				SDKROOT = iphoneos;
				SWIFT_ACTIVE_COMPILATION_CONDITIONS = DEBUG;
				SWIFT_OPTIMIZATION_LEVEL = "-Onone";
			};
			name = Debug;
		};
		6491ED7424D3518400E6709A /* Release */ = {
			isa = XCBuildConfiguration;
			buildSettings = {
				ALWAYS_SEARCH_USER_PATHS = NO;
				CLANG_ANALYZER_NONNULL = YES;
				CLANG_ANALYZER_NUMBER_OBJECT_CONVERSION = YES_AGGRESSIVE;
				CLANG_CXX_LANGUAGE_STANDARD = "gnu++14";
				CLANG_CXX_LIBRARY = "libc++";
				CLANG_ENABLE_MODULES = YES;
				CLANG_ENABLE_OBJC_ARC = YES;
				CLANG_ENABLE_OBJC_WEAK = YES;
				CLANG_WARN_BLOCK_CAPTURE_AUTORELEASING = YES;
				CLANG_WARN_BOOL_CONVERSION = YES;
				CLANG_WARN_COMMA = YES;
				CLANG_WARN_CONSTANT_CONVERSION = YES;
				CLANG_WARN_DEPRECATED_OBJC_IMPLEMENTATIONS = YES;
				CLANG_WARN_DIRECT_OBJC_ISA_USAGE = YES_ERROR;
				CLANG_WARN_DOCUMENTATION_COMMENTS = YES;
				CLANG_WARN_EMPTY_BODY = YES;
				CLANG_WARN_ENUM_CONVERSION = YES;
				CLANG_WARN_INFINITE_RECURSION = YES;
				CLANG_WARN_INT_CONVERSION = YES;
				CLANG_WARN_NON_LITERAL_NULL_CONVERSION = YES;
				CLANG_WARN_OBJC_IMPLICIT_RETAIN_SELF = YES;
				CLANG_WARN_OBJC_LITERAL_CONVERSION = YES;
				CLANG_WARN_OBJC_ROOT_CLASS = YES_ERROR;
				CLANG_WARN_RANGE_LOOP_ANALYSIS = YES;
				CLANG_WARN_STRICT_PROTOTYPES = YES;
				CLANG_WARN_SUSPICIOUS_MOVE = YES;
				CLANG_WARN_UNGUARDED_AVAILABILITY = YES_AGGRESSIVE;
				CLANG_WARN_UNREACHABLE_CODE = YES;
				CLANG_WARN__DUPLICATE_METHOD_MATCH = YES;
				COPY_PHASE_STRIP = NO;
				DEBUG_INFORMATION_FORMAT = "dwarf-with-dsym";
				ENABLE_NS_ASSERTIONS = NO;
				ENABLE_STRICT_OBJC_MSGSEND = YES;
				GCC_C_LANGUAGE_STANDARD = gnu11;
				GCC_NO_COMMON_BLOCKS = YES;
				GCC_WARN_64_TO_32_BIT_CONVERSION = YES;
				GCC_WARN_ABOUT_RETURN_TYPE = YES_ERROR;
				GCC_WARN_UNDECLARED_SELECTOR = YES;
				GCC_WARN_UNINITIALIZED_AUTOS = YES_AGGRESSIVE;
				GCC_WARN_UNUSED_FUNCTION = YES;
				GCC_WARN_UNUSED_VARIABLE = YES;
				IPHONEOS_DEPLOYMENT_TARGET = 13.4;
				MTL_ENABLE_DEBUG_INFO = NO;
				MTL_FAST_MATH = YES;
				SDKROOT = iphoneos;
				SWIFT_COMPILATION_MODE = wholemodule;
				SWIFT_OPTIMIZATION_LEVEL = "-O";
				VALIDATE_PRODUCT = YES;
			};
			name = Release;
		};
		6491ED7624D3518400E6709A /* Debug */ = {
			isa = XCBuildConfiguration;
			buildSettings = {
				ASSETCATALOG_COMPILER_APPICON_NAME = AppIcon;
				CODE_SIGN_STYLE = Automatic;
				DEVELOPMENT_ASSET_PATHS = "\"MobileAppUIExploration/Preview Content\"";
				ENABLE_PREVIEWS = YES;
				INFOPLIST_FILE = MobileAppUIExploration/Info.plist;
				LD_RUNPATH_SEARCH_PATHS = (
					"$(inherited)",
					"@executable_path/Frameworks",
				);
				PRODUCT_BUNDLE_IDENTIFIER = br.com.rphlfc.MobileAppUIExploration;
				PRODUCT_NAME = "$(TARGET_NAME)";
				SWIFT_VERSION = 5.0;
				TARGETED_DEVICE_FAMILY = "1,2";
			};
			name = Debug;
		};
		6491ED7724D3518400E6709A /* Release */ = {
			isa = XCBuildConfiguration;
			buildSettings = {
				ASSETCATALOG_COMPILER_APPICON_NAME = AppIcon;
				CODE_SIGN_STYLE = Automatic;
				DEVELOPMENT_ASSET_PATHS = "\"MobileAppUIExploration/Preview Content\"";
				ENABLE_PREVIEWS = YES;
				INFOPLIST_FILE = MobileAppUIExploration/Info.plist;
				LD_RUNPATH_SEARCH_PATHS = (
					"$(inherited)",
					"@executable_path/Frameworks",
				);
				PRODUCT_BUNDLE_IDENTIFIER = br.com.rphlfc.MobileAppUIExploration;
				PRODUCT_NAME = "$(TARGET_NAME)";
				SWIFT_VERSION = 5.0;
				TARGETED_DEVICE_FAMILY = "1,2";
			};
			name = Release;
		};
/* End XCBuildConfiguration section */

/* Begin XCConfigurationList section */
		6491ED5C24D3518300E6709A /* Build configuration list for PBXProject "MobileAppUIExploration" */ = {
			isa = XCConfigurationList;
			buildConfigurations = (
				6491ED7324D3518400E6709A /* Debug */,
				6491ED7424D3518400E6709A /* Release */,
			);
			defaultConfigurationIsVisible = 0;
			defaultConfigurationName = Release;
		};
		6491ED7524D3518400E6709A /* Build configuration list for PBXNativeTarget "MobileAppUIExploration" */ = {
			isa = XCConfigurationList;
			buildConfigurations = (
				6491ED7624D3518400E6709A /* Debug */,
				6491ED7724D3518400E6709A /* Release */,
			);
			defaultConfigurationIsVisible = 0;
			defaultConfigurationName = Release;
		};
/* End XCConfigurationList section */
	};
	rootObject = 6491ED5924D3518300E6709A /* Project object */;
}
